
Microsoft Visual Studio Solution File, Format Version 12.00
# Visual Studio 2013
VisualStudioVersion = 12.0.21005.1
MinimumVisualStudioVersion = 10.0.40219.1
Project("{FAE04EC0-301F-11D3-BF4B-00C04F79EFBC}") = "PvCadTestApplication", "PvCadTestApplication\PvCadTestApplication.csproj", "{46389775-C77B-4621-BD2A-9E51BF9BACF5}"
EndProject
Project("{FAE04EC0-301F-11D3-BF4B-00C04F79EFBC}") = "PvCadTestApplicationTest", "PvCadTestApplicationTest\PvCadTestApplicationTest.csproj", "{83AEE19F-8F5F-44B4-AAFA-19CB6A284582}"
EndProject
Global
	GlobalSection(SolutionConfigurationPlatforms) = preSolution
		Debug|Any CPU = Debug|Any CPU
		Release|Any CPU = Release|Any CPU
	EndGlobalSection
	GlobalSection(ProjectConfigurationPlatforms) = postSolution
		{46389775-C77B-4621-BD2A-9E51BF9BACF5}.Debug|Any CPU.ActiveCfg = Debug|Any CPU
		{46389775-C77B-4621-BD2A-9E51BF9BACF5}.Debug|Any CPU.Build.0 = Debug|Any CPU
		{46389775-C77B-4621-BD2A-9E51BF9BACF5}.Release|Any CPU.ActiveCfg = Release|Any CPU
		{46389775-C77B-4621-BD2A-9E51BF9BACF5}.Release|Any CPU.Build.0 = Release|Any CPU
		{83AEE19F-8F5F-44B4-AAFA-19CB6A284582}.Debug|Any CPU.ActiveCfg = Debug|Any CPU
		{83AEE19F-8F5F-44B4-AAFA-19CB6A284582}.Debug|Any CPU.Build.0 = Debug|Any CPU
		{83AEE19F-8F5F-44B4-AAFA-19CB6A284582}.Release|Any CPU.ActiveCfg = Release|Any CPU
		{83AEE19F-8F5F-44B4-AAFA-19CB6A284582}.Release|Any CPU.Build.0 = Release|Any CPU
	EndGlobalSection
	GlobalSection(SolutionProperties) = preSolution
		HideSolutionNode = FALSE
	EndGlobalSection
EndGlobal
